
Microsoft Visual Studio Solution File, Format Version 12.00
# Visual Studio 15
VisualStudioVersion = 15.0.28307.421
MinimumVisualStudioVersion = 10.0.40219.1
Project("{8BC9CEB8-8B4A-11D0-8D11-00A0C91BC942}") = "Launcher", "Projects\Launcher\Launcher.vcxproj", "{367F940D-B956-4772-93DE-8F9EE50C05B4}"
EndProject
Project("{2150E333-8FDC-42A3-9474-1A3956D46DE8}") = "Android", "Android", "{CBBF54FF-CF28-4492-A8D0-1828F25A08AB}"
EndProject
Project("{39E2626F-3545-4960-A6E8-258AD8476CE5}") = "Packaging", "Projects\Android\Packaging\Packaging.androidproj", "{F8317474-A145-4211-8F2A-608CC66CB428}"
EndProject
Project("{8BC9CEB8-8B4A-11D0-8D11-00A0C91BC942}") = "Engine", "Projects\Engine\Engine.vcxproj", "{4201B7AF-2A19-4B74-AB35-10238BEF9AF9}"
EndProject
Project("{2150E333-8FDC-42A3-9474-1A3956D46DE8}") = "Libraries", "Libraries", "{BBC5994B-E284-4012-9369-9CE4B77E4735}"
EndProject
Project("{8BC9CEB8-8B4A-11D0-8D11-00A0C91BC942}") = "GLFW", "Projects\Libraries\GLFW\GLFW.vcxproj", "{723A3AEA-F1FA-4D55-8A7F-643A23051465}"
EndProject
Project("{8BC9CEB8-8B4A-11D0-8D11-00A0C91BC942}") = "Glad", "Projects\Libraries\Glad\Glad.vcxproj", "{BDD6857C-A90D-870D-52FA-6C103E10030F}"
EndProject
Project("{8BC9CEB8-8B4A-11D0-8D11-00A0C91BC942}") = "GLM", "Projects\Libraries\glm\GLM.vcxproj", "{7306780F-4071-4BFA-9D2B-E92363A4828B}"
EndProject
Project("{8BC9CEB8-8B4A-11D0-8D11-00A0C91BC942}") = "ImGui", "Projects\Libraries\imgui\ImGui.vcxproj", "{F9765552-0107-4B4A-B6EB-9B315A2F02EF}"
EndProject
Global
	GlobalSection(SolutionConfigurationPlatforms) = preSolution
		Debug|ARM = Debug|ARM
		Debug|ARM64 = Debug|ARM64
		Debug|Win32 = Debug|Win32
		Debug|x64 = Debug|x64
		Dist|ARM = Dist|ARM
		Dist|ARM64 = Dist|ARM64
		Dist|Win32 = Dist|Win32
		Dist|x64 = Dist|x64
		Release|ARM = Release|ARM
		Release|ARM64 = Release|ARM64
		Release|Win32 = Release|Win32
		Release|x64 = Release|x64
	EndGlobalSection
	GlobalSection(ProjectConfigurationPlatforms) = postSolution
		{367F940D-B956-4772-93DE-8F9EE50C05B4}.Debug|ARM.ActiveCfg = Debug|ARM
		{367F940D-B956-4772-93DE-8F9EE50C05B4}.Debug|ARM.Build.0 = Debug|ARM
		{367F940D-B956-4772-93DE-8F9EE50C05B4}.Debug|ARM64.ActiveCfg = Debug|ARM64
		{367F940D-B956-4772-93DE-8F9EE50C05B4}.Debug|ARM64.Build.0 = Debug|ARM64
		{367F940D-B956-4772-93DE-8F9EE50C05B4}.Debug|Win32.ActiveCfg = Debug|Win32
		{367F940D-B956-4772-93DE-8F9EE50C05B4}.Debug|Win32.Build.0 = Debug|Win32
		{367F940D-B956-4772-93DE-8F9EE50C05B4}.Debug|x64.ActiveCfg = Debug|x64
		{367F940D-B956-4772-93DE-8F9EE50C05B4}.Debug|x64.Build.0 = Debug|x64
		{367F940D-B956-4772-93DE-8F9EE50C05B4}.Dist|ARM.ActiveCfg = Release|ARM
		{367F940D-B956-4772-93DE-8F9EE50C05B4}.Dist|ARM.Build.0 = Release|ARM
		{367F940D-B956-4772-93DE-8F9EE50C05B4}.Dist|ARM64.ActiveCfg = Release|ARM64
		{367F940D-B956-4772-93DE-8F9EE50C05B4}.Dist|ARM64.Build.0 = Release|ARM64
		{367F940D-B956-4772-93DE-8F9EE50C05B4}.Dist|Win32.ActiveCfg = Dist|Win32
		{367F940D-B956-4772-93DE-8F9EE50C05B4}.Dist|Win32.Build.0 = Dist|Win32
		{367F940D-B956-4772-93DE-8F9EE50C05B4}.Dist|x64.ActiveCfg = Debug|x64
		{367F940D-B956-4772-93DE-8F9EE50C05B4}.Dist|x64.Build.0 = Debug|x64
		{367F940D-B956-4772-93DE-8F9EE50C05B4}.Release|ARM.ActiveCfg = Release|ARM
		{367F940D-B956-4772-93DE-8F9EE50C05B4}.Release|ARM.Build.0 = Release|ARM
		{367F940D-B956-4772-93DE-8F9EE50C05B4}.Release|ARM64.ActiveCfg = Release|ARM64
		{367F940D-B956-4772-93DE-8F9EE50C05B4}.Release|ARM64.Build.0 = Release|ARM64
		{367F940D-B956-4772-93DE-8F9EE50C05B4}.Release|Win32.ActiveCfg = Release|Win32
		{367F940D-B956-4772-93DE-8F9EE50C05B4}.Release|Win32.Build.0 = Release|Win32
		{367F940D-B956-4772-93DE-8F9EE50C05B4}.Release|x64.ActiveCfg = Release|x64
		{367F940D-B956-4772-93DE-8F9EE50C05B4}.Release|x64.Build.0 = Release|x64
		{F8317474-A145-4211-8F2A-608CC66CB428}.Debug|ARM.ActiveCfg = Debug|ARM
		{F8317474-A145-4211-8F2A-608CC66CB428}.Debug|ARM.Build.0 = Debug|ARM
		{F8317474-A145-4211-8F2A-608CC66CB428}.Debug|ARM.Deploy.0 = Debug|ARM
		{F8317474-A145-4211-8F2A-608CC66CB428}.Debug|ARM64.ActiveCfg = Debug|ARM64
		{F8317474-A145-4211-8F2A-608CC66CB428}.Debug|ARM64.Build.0 = Debug|ARM64
		{F8317474-A145-4211-8F2A-608CC66CB428}.Debug|ARM64.Deploy.0 = Debug|ARM64
		{F8317474-A145-4211-8F2A-608CC66CB428}.Debug|Win32.ActiveCfg = Debug|ARM
		{F8317474-A145-4211-8F2A-608CC66CB428}.Debug|x64.ActiveCfg = Debug|ARM
		{F8317474-A145-4211-8F2A-608CC66CB428}.Dist|ARM.ActiveCfg = Debug|ARM
		{F8317474-A145-4211-8F2A-608CC66CB428}.Dist|ARM.Build.0 = Debug|ARM
		{F8317474-A145-4211-8F2A-608CC66CB428}.Dist|ARM.Deploy.0 = Debug|ARM
		{F8317474-A145-4211-8F2A-608CC66CB428}.Dist|ARM64.ActiveCfg = Debug|ARM64
		{F8317474-A145-4211-8F2A-608CC66CB428}.Dist|ARM64.Build.0 = Debug|ARM64
		{F8317474-A145-4211-8F2A-608CC66CB428}.Dist|ARM64.Deploy.0 = Debug|ARM64
		{F8317474-A145-4211-8F2A-608CC66CB428}.Dist|Win32.ActiveCfg = Release|ARM64
		{F8317474-A145-4211-8F2A-608CC66CB428}.Dist|x64.ActiveCfg = Release|ARM64
		{F8317474-A145-4211-8F2A-608CC66CB428}.Release|ARM.ActiveCfg = Release|ARM
		{F8317474-A145-4211-8F2A-608CC66CB428}.Release|ARM.Build.0 = Release|ARM
		{F8317474-A145-4211-8F2A-608CC66CB428}.Release|ARM.Deploy.0 = Release|ARM
		{F8317474-A145-4211-8F2A-608CC66CB428}.Release|ARM64.ActiveCfg = Release|ARM64
		{F8317474-A145-4211-8F2A-608CC66CB428}.Release|ARM64.Build.0 = Release|ARM64
		{F8317474-A145-4211-8F2A-608CC66CB428}.Release|ARM64.Deploy.0 = Release|ARM64
		{F8317474-A145-4211-8F2A-608CC66CB428}.Release|Win32.ActiveCfg = Release|ARM
		{F8317474-A145-4211-8F2A-608CC66CB428}.Release|x64.ActiveCfg = Release|ARM
		{4201B7AF-2A19-4B74-AB35-10238BEF9AF9}.Debug|ARM.ActiveCfg = Debug|ARM
		{4201B7AF-2A19-4B74-AB35-10238BEF9AF9}.Debug|ARM.Build.0 = Debug|ARM
		{4201B7AF-2A19-4B74-AB35-10238BEF9AF9}.Debug|ARM64.ActiveCfg = Debug|ARM64
		{4201B7AF-2A19-4B74-AB35-10238BEF9AF9}.Debug|ARM64.Build.0 = Debug|ARM64
		{4201B7AF-2A19-4B74-AB35-10238BEF9AF9}.Debug|Win32.ActiveCfg = Debug|Win32
		{4201B7AF-2A19-4B74-AB35-10238BEF9AF9}.Debug|Win32.Build.0 = Debug|Win32
		{4201B7AF-2A19-4B74-AB35-10238BEF9AF9}.Debug|x64.ActiveCfg = Debug|x64
		{4201B7AF-2A19-4B74-AB35-10238BEF9AF9}.Debug|x64.Build.0 = Debug|x64
		{4201B7AF-2A19-4B74-AB35-10238BEF9AF9}.Dist|ARM.ActiveCfg = Release|ARM
		{4201B7AF-2A19-4B74-AB35-10238BEF9AF9}.Dist|ARM.Build.0 = Release|ARM
		{4201B7AF-2A19-4B74-AB35-10238BEF9AF9}.Dist|ARM64.ActiveCfg = Release|ARM64
		{4201B7AF-2A19-4B74-AB35-10238BEF9AF9}.Dist|ARM64.Build.0 = Release|ARM64
		{4201B7AF-2A19-4B74-AB35-10238BEF9AF9}.Dist|Win32.ActiveCfg = Dist|Win32
		{4201B7AF-2A19-4B74-AB35-10238BEF9AF9}.Dist|Win32.Build.0 = Dist|Win32
		{4201B7AF-2A19-4B74-AB35-10238BEF9AF9}.Dist|x64.ActiveCfg = Debug|x64
		{4201B7AF-2A19-4B74-AB35-10238BEF9AF9}.Dist|x64.Build.0 = Debug|x64
		{4201B7AF-2A19-4B74-AB35-10238BEF9AF9}.Release|ARM.ActiveCfg = Release|ARM
		{4201B7AF-2A19-4B74-AB35-10238BEF9AF9}.Release|ARM.Build.0 = Release|ARM
		{4201B7AF-2A19-4B74-AB35-10238BEF9AF9}.Release|ARM64.ActiveCfg = Release|ARM64
		{4201B7AF-2A19-4B74-AB35-10238BEF9AF9}.Release|ARM64.Build.0 = Release|ARM64
		{4201B7AF-2A19-4B74-AB35-10238BEF9AF9}.Release|Win32.ActiveCfg = Release|Win32
		{4201B7AF-2A19-4B74-AB35-10238BEF9AF9}.Release|Win32.Build.0 = Release|Win32
		{4201B7AF-2A19-4B74-AB35-10238BEF9AF9}.Release|x64.ActiveCfg = Release|x64
		{4201B7AF-2A19-4B74-AB35-10238BEF9AF9}.Release|x64.Build.0 = Release|x64
		{723A3AEA-F1FA-4D55-8A7F-643A23051465}.Debug|ARM.ActiveCfg = Debug|ARM
		{723A3AEA-F1FA-4D55-8A7F-643A23051465}.Debug|ARM.Build.0 = Debug|ARM
		{723A3AEA-F1FA-4D55-8A7F-643A23051465}.Debug|ARM64.ActiveCfg = Debug|ARM64
		{723A3AEA-F1FA-4D55-8A7F-643A23051465}.Debug|ARM64.Build.0 = Debug|ARM64
		{723A3AEA-F1FA-4D55-8A7F-643A23051465}.Debug|Win32.ActiveCfg = Debug|Win32
		{723A3AEA-F1FA-4D55-8A7F-643A23051465}.Debug|Win32.Build.0 = Debug|Win32
		{723A3AEA-F1FA-4D55-8A7F-643A23051465}.Debug|x64.ActiveCfg = Debug|x64
		{723A3AEA-F1FA-4D55-8A7F-643A23051465}.Debug|x64.Build.0 = Debug|x64
		{723A3AEA-F1FA-4D55-8A7F-643A23051465}.Dist|ARM.ActiveCfg = Debug|ARM
		{723A3AEA-F1FA-4D55-8A7F-643A23051465}.Dist|ARM.Build.0 = Debug|ARM
		{723A3AEA-F1FA-4D55-8A7F-643A23051465}.Dist|ARM64.ActiveCfg = Debug|ARM64
		{723A3AEA-F1FA-4D55-8A7F-643A23051465}.Dist|ARM64.Build.0 = Debug|ARM64
		{723A3AEA-F1FA-4D55-8A7F-643A23051465}.Dist|Win32.ActiveCfg = Dist|Win32
		{723A3AEA-F1FA-4D55-8A7F-643A23051465}.Dist|Win32.Build.0 = Dist|Win32
		{723A3AEA-F1FA-4D55-8A7F-643A23051465}.Dist|x64.ActiveCfg = Debug|x64
		{723A3AEA-F1FA-4D55-8A7F-643A23051465}.Dist|x64.Build.0 = Debug|x64
		{723A3AEA-F1FA-4D55-8A7F-643A23051465}.Release|ARM.ActiveCfg = Release|ARM
		{723A3AEA-F1FA-4D55-8A7F-643A23051465}.Release|ARM.Build.0 = Release|ARM
		{723A3AEA-F1FA-4D55-8A7F-643A23051465}.Release|ARM64.ActiveCfg = Release|ARM64
		{723A3AEA-F1FA-4D55-8A7F-643A23051465}.Release|ARM64.Build.0 = Release|ARM64
		{723A3AEA-F1FA-4D55-8A7F-643A23051465}.Release|Win32.ActiveCfg = Release|Win32
		{723A3AEA-F1FA-4D55-8A7F-643A23051465}.Release|Win32.Build.0 = Release|Win32
		{723A3AEA-F1FA-4D55-8A7F-643A23051465}.Release|x64.ActiveCfg = Release|x64
		{723A3AEA-F1FA-4D55-8A7F-643A23051465}.Release|x64.Build.0 = Release|x64
		{BDD6857C-A90D-870D-52FA-6C103E10030F}.Debug|ARM.ActiveCfg = Debug|ARM
		{BDD6857C-A90D-870D-52FA-6C103E10030F}.Debug|ARM.Build.0 = Debug|ARM
		{BDD6857C-A90D-870D-52FA-6C103E10030F}.Debug|ARM64.ActiveCfg = Debug|ARM64
		{BDD6857C-A90D-870D-52FA-6C103E10030F}.Debug|ARM64.Build.0 = Debug|ARM64
		{BDD6857C-A90D-870D-52FA-6C103E10030F}.Debug|Win32.ActiveCfg = Debug|Win32
		{BDD6857C-A90D-870D-52FA-6C103E10030F}.Debug|Win32.Build.0 = Debug|Win32
		{BDD6857C-A90D-870D-52FA-6C103E10030F}.Debug|x64.ActiveCfg = Debug|x64
		{BDD6857C-A90D-870D-52FA-6C103E10030F}.Debug|x64.Build.0 = Debug|x64
		{BDD6857C-A90D-870D-52FA-6C103E10030F}.Dist|ARM.ActiveCfg = Dist|ARM
		{BDD6857C-A90D-870D-52FA-6C103E10030F}.Dist|ARM.Build.0 = Dist|ARM
		{BDD6857C-A90D-870D-52FA-6C103E10030F}.Dist|ARM64.ActiveCfg = Dist|ARM64
		{BDD6857C-A90D-870D-52FA-6C103E10030F}.Dist|ARM64.Build.0 = Dist|ARM64
		{BDD6857C-A90D-870D-52FA-6C103E10030F}.Dist|Win32.ActiveCfg = Dist|Win32
		{BDD6857C-A90D-870D-52FA-6C103E10030F}.Dist|Win32.Build.0 = Dist|Win32
		{BDD6857C-A90D-870D-52FA-6C103E10030F}.Dist|x64.ActiveCfg = Dist|x64
		{BDD6857C-A90D-870D-52FA-6C103E10030F}.Dist|x64.Build.0 = Dist|x64
		{BDD6857C-A90D-870D-52FA-6C103E10030F}.Release|ARM.ActiveCfg = Release|ARM
		{BDD6857C-A90D-870D-52FA-6C103E10030F}.Release|ARM.Build.0 = Release|ARM
		{BDD6857C-A90D-870D-52FA-6C103E10030F}.Release|ARM64.ActiveCfg = Release|ARM64
		{BDD6857C-A90D-870D-52FA-6C103E10030F}.Release|ARM64.Build.0 = Release|ARM64
		{BDD6857C-A90D-870D-52FA-6C103E10030F}.Release|Win32.ActiveCfg = Release|Win32
		{BDD6857C-A90D-870D-52FA-6C103E10030F}.Release|Win32.Build.0 = Release|Win32
		{BDD6857C-A90D-870D-52FA-6C103E10030F}.Release|x64.ActiveCfg = Release|x64
		{BDD6857C-A90D-870D-52FA-6C103E10030F}.Release|x64.Build.0 = Release|x64
		{7306780F-4071-4BFA-9D2B-E92363A4828B}.Debug|ARM.ActiveCfg = Debug|ARM
		{7306780F-4071-4BFA-9D2B-E92363A4828B}.Debug|ARM.Build.0 = Debug|ARM
		{7306780F-4071-4BFA-9D2B-E92363A4828B}.Debug|ARM64.ActiveCfg = Debug|ARM64
		{7306780F-4071-4BFA-9D2B-E92363A4828B}.Debug|ARM64.Build.0 = Debug|ARM64
		{7306780F-4071-4BFA-9D2B-E92363A4828B}.Debug|Win32.ActiveCfg = Debug|Win32
		{7306780F-4071-4BFA-9D2B-E92363A4828B}.Debug|Win32.Build.0 = Debug|Win32
		{7306780F-4071-4BFA-9D2B-E92363A4828B}.Debug|x64.ActiveCfg = Debug|x64
		{7306780F-4071-4BFA-9D2B-E92363A4828B}.Debug|x64.Build.0 = Debug|x64
		{7306780F-4071-4BFA-9D2B-E92363A4828B}.Dist|ARM.ActiveCfg = Release|ARM
		{7306780F-4071-4BFA-9D2B-E92363A4828B}.Dist|ARM.Build.0 = Release|ARM
		{7306780F-4071-4BFA-9D2B-E92363A4828B}.Dist|ARM64.ActiveCfg = Release|ARM64
		{7306780F-4071-4BFA-9D2B-E92363A4828B}.Dist|ARM64.Build.0 = Release|ARM64
		{7306780F-4071-4BFA-9D2B-E92363A4828B}.Dist|Win32.ActiveCfg = Debug|Win32
		{7306780F-4071-4BFA-9D2B-E92363A4828B}.Dist|Win32.Build.0 = Debug|Win32
		{7306780F-4071-4BFA-9D2B-E92363A4828B}.Dist|x64.ActiveCfg = Debug|x64
		{7306780F-4071-4BFA-9D2B-E92363A4828B}.Dist|x64.Build.0 = Debug|x64
		{7306780F-4071-4BFA-9D2B-E92363A4828B}.Release|ARM.ActiveCfg = Release|ARM
		{7306780F-4071-4BFA-9D2B-E92363A4828B}.Release|ARM.Build.0 = Release|ARM
		{7306780F-4071-4BFA-9D2B-E92363A4828B}.Release|ARM64.ActiveCfg = Release|ARM64
		{7306780F-4071-4BFA-9D2B-E92363A4828B}.Release|ARM64.Build.0 = Release|ARM64
		{7306780F-4071-4BFA-9D2B-E92363A4828B}.Release|Win32.ActiveCfg = Release|Win32
		{7306780F-4071-4BFA-9D2B-E92363A4828B}.Release|Win32.Build.0 = Release|Win32
		{7306780F-4071-4BFA-9D2B-E92363A4828B}.Release|x64.ActiveCfg = Release|x64
		{7306780F-4071-4BFA-9D2B-E92363A4828B}.Release|x64.Build.0 = Release|x64
		{F9765552-0107-4B4A-B6EB-9B315A2F02EF}.Debug|ARM.ActiveCfg = Debug|ARM
		{F9765552-0107-4B4A-B6EB-9B315A2F02EF}.Debug|ARM.Build.0 = Debug|ARM
		{F9765552-0107-4B4A-B6EB-9B315A2F02EF}.Debug|ARM64.ActiveCfg = Debug|ARM64
		{F9765552-0107-4B4A-B6EB-9B315A2F02EF}.Debug|ARM64.Build.0 = Debug|ARM64
		{F9765552-0107-4B4A-B6EB-9B315A2F02EF}.Debug|Win32.ActiveCfg = Debug|Win32
		{F9765552-0107-4B4A-B6EB-9B315A2F02EF}.Debug|Win32.Build.0 = Debug|Win32
		{F9765552-0107-4B4A-B6EB-9B315A2F02EF}.Debug|x64.ActiveCfg = Debug|x64
		{F9765552-0107-4B4A-B6EB-9B315A2F02EF}.Debug|x64.Build.0 = Debug|x64
		{F9765552-0107-4B4A-B6EB-9B315A2F02EF}.Dist|ARM.ActiveCfg = Release|x64
		{F9765552-0107-4B4A-B6EB-9B315A2F02EF}.Dist|ARM.Build.0 = Release|x64
		{F9765552-0107-4B4A-B6EB-9B315A2F02EF}.Dist|ARM64.ActiveCfg = Release|x64
		{F9765552-0107-4B4A-B6EB-9B315A2F02EF}.Dist|ARM64.Build.0 = Release|x64
		{F9765552-0107-4B4A-B6EB-9B315A2F02EF}.Dist|Win32.ActiveCfg = Debug|Win32
		{F9765552-0107-4B4A-B6EB-9B315A2F02EF}.Dist|Win32.Build.0 = Debug|Win32
		{F9765552-0107-4B4A-B6EB-9B315A2F02EF}.Dist|x64.ActiveCfg = Debug|x64
		{F9765552-0107-4B4A-B6EB-9B315A2F02EF}.Dist|x64.Build.0 = Debug|x64
		{F9765552-0107-4B4A-B6EB-9B315A2F02EF}.Release|ARM.ActiveCfg = Release|Win32
		{F9765552-0107-4B4A-B6EB-9B315A2F02EF}.Release|ARM64.ActiveCfg = Release|Win32
		{F9765552-0107-4B4A-B6EB-9B315A2F02EF}.Release|Win32.ActiveCfg = Release|Win32
		{F9765552-0107-4B4A-B6EB-9B315A2F02EF}.Release|Win32.Build.0 = Release|Win32
		{F9765552-0107-4B4A-B6EB-9B315A2F02EF}.Release|x64.ActiveCfg = Release|x64
		{F9765552-0107-4B4A-B6EB-9B315A2F02EF}.Release|x64.Build.0 = Release|x64
	EndGlobalSection
	GlobalSection(SolutionProperties) = preSolution
		HideSolutionNode = FALSE
	EndGlobalSection
	GlobalSection(NestedProjects) = preSolution
		{F8317474-A145-4211-8F2A-608CC66CB428} = {CBBF54FF-CF28-4492-A8D0-1828F25A08AB}
		{723A3AEA-F1FA-4D55-8A7F-643A23051465} = {BBC5994B-E284-4012-9369-9CE4B77E4735}
		{BDD6857C-A90D-870D-52FA-6C103E10030F} = {BBC5994B-E284-4012-9369-9CE4B77E4735}
		{7306780F-4071-4BFA-9D2B-E92363A4828B} = {BBC5994B-E284-4012-9369-9CE4B77E4735}
		{F9765552-0107-4B4A-B6EB-9B315A2F02EF} = {BBC5994B-E284-4012-9369-9CE4B77E4735}
	EndGlobalSection
	GlobalSection(ExtensibilityGlobals) = postSolution
		SolutionGuid = {94A141A2-F79A-4D9A-9F6C-70F856E41DD7}
	EndGlobalSection
EndGlobal
