<?xml version="1.0" encoding="utf-8"?>
<Project ToolsVersion="4.0" xmlns="http://schemas.microsoft.com/developer/msbuild/2003">
  <ItemGroup>
    <ClInclude Include="pch.h" />
    <ClInclude Include="Engine\Events\ApplicationEvent.h" />
    <ClInclude Include="Engine\Events\Event.h" />
    <ClInclude Include="Engine\Events\KeyEvent.h" />
    <ClInclude Include="Engine\Events\MouseEvent.h" />
    <ClInclude Include="Engine\ImGui\ImGuiLayer.h" />
    <ClInclude Include="Engine\Application.h" />
    <ClInclude Include="Engine\Core.h" />
    <ClInclude Include="Engine\EntryPoint.h" />
    <ClInclude Include="Engine\Input.h" />
    <ClInclude Include="Engine\KeyCodes.h" />
    <ClInclude Include="Engine\Layer.h" />
    <ClInclude Include="Engine\LayerStack.h" />
    <ClInclude Include="Engine\Math.h" />
    <ClInclude Include="Engine\MouseButtonCodes.h" />
    <ClInclude Include="Engine\Common.h" />
    <ClInclude Include="Engine.h" />
    <ClInclude Include="Engine\Logger\Log.h" />
    <ClInclude Include="Engine\DeltaTime.h" />
    <ClInclude Include="Engine\Timer.h" />
    <ClInclude Include="Rendering\OpenGL\GLRenderer.h" />
    <ClInclude Include="Rendering\Vulkan\VkRenderer.h" />
    <ClInclude Include="Engine\Logger\Sinks\engine_sink.h" />
    <ClInclude Include="Rendering\RenderContextData.h" />
    <ClInclude Include="Platform\Window.h" />
    <ClInclude Include="Rendering\Renderer.h" />
    <ClInclude Include="Rendering\RenderContext.h" />
    <ClInclude Include="Platform\GLFW\GLFWInput.h" />
    <ClInclude Include="Platform\GLFW\GLFWWindow.h" />
    <ClInclude Include="Engine\Resources\ResourceManager.h" />
    <ClInclude Include="Engine\Resources\ResourceType.h" />
    <ClInclude Include="Rendering\Resources\RenderResource.h" />
    <ClInclude Include="Rendering\Resources\ShaderResource.h" />
    <ClInclude Include="Rendering\Resources\TextureResource.h" />
    <ClInclude Include="Rendering\Resources\ModelResource.h" />
    <ClInclude Include="Platform\FileLoader.h" />
    <ClInclude Include="Engine\Resources\ResourceDatabase.h" />
  </ItemGroup>
  <ItemGroup>
    <ClCompile Include="pch.cpp" />
    <ClCompile Include="Engine\ImGui\ImGuiLayer.cpp" />
    <ClCompile Include="Engine\Application.cpp" />
    <ClCompile Include="Engine\Layer.cpp" />
    <ClCompile Include="Engine\LayerStack.cpp" />
    <ClCompile Include="Engine\Logger\Log.cpp" />
    <ClCompile Include="Engine\DeltaTime.cpp" />
    <ClCompile Include="Rendering\OpenGL\GLRenderer.cpp" />
    <ClCompile Include="Rendering\Vulkan\VkRenderer.cpp" />
    <ClCompile Include="Engine\ImGui\ImGuiBuild.cpp" />
    <ClCompile Include="Rendering\RenderContext.cpp" />
    <ClCompile Include="Platform\GLFW\GLFWInput.cpp" />
    <ClCompile Include="Platform\GLFW\GLFWWindow.cpp" />
    <ClCompile Include="Engine\Resources\ResourceManager.cpp" />
    <ClCompile Include="Engine\Resources\ResourceType.cpp" />
    <ClCompile Include="Platform\FileLoader.cpp" />
    <ClCompile Include="Platform\Windows\WinFileLoader.cpp" />
    <ClCompile Include="Platform\Android\AndFileLoader.cpp" />
    <ClCompile Include="Engine\Common.cpp" />
    <ClCompile Include="Rendering\Renderer.cpp" />
    <ClCompile Include="Engine\Resources\ResourceDatabase.cpp" />
  </ItemGroup>
</Project>