<?xml version="1.0" encoding="utf-8"?>
<Project ToolsVersion="4.0" xmlns="http://schemas.microsoft.com/developer/msbuild/2003">
  <ItemGroup>
    <ClInclude Include="pch.h" />
    <ClInclude Include="Engine\Events\ApplicationEvent.h" />
    <ClInclude Include="Engine\Events\Event.h" />
    <ClInclude Include="Engine\Events\KeyEvent.h" />
    <ClInclude Include="Engine\Events\MouseEvent.h" />
    <ClInclude Include="Engine\ImGui\ImGuiLayer.h" />
    <ClInclude Include="Engine\Application.h" />
    <ClInclude Include="Engine\Core.h" />
    <ClInclude Include="Engine\EntryPoint.h" />
    <ClInclude Include="Engine\Input.h" />
    <ClInclude Include="Engine\KeyCodes.h" />
    <ClInclude Include="Engine\Layer.h" />
    <ClInclude Include="Engine\LayerStack.h" />
    <ClInclude Include="Engine\Math.h" />
    <ClInclude Include="Engine\MouseButtonCodes.h" />
    <ClInclude Include="Engine\Window.h" />
    <ClInclude Include="Engine\Common.h" />
    <ClInclude Include="Engine.h" />
    <ClInclude Include="Engine\Logger\Log.h" />
    <ClInclude Include="Engine\Logger\CustomLogSink.h" />
    <ClInclude Include="Engine\DeltaTime.h" />
    <ClInclude Include="Engine\Timer.h" />
    <ClInclude Include="Engine\Renderer.h" />
    <ClInclude Include="Rendering\OpenGL\GLRenderer.h" />
    <ClInclude Include="Rendering\Vulkan\VkRenderer.h" />
    <ClInclude Include="Platform\Windows\WindowsInput.h" />
    <ClInclude Include="Platform\Windows\WindowsWindow.h" />
  </ItemGroup>
  <ItemGroup>
    <ClCompile Include="pch.cpp" />
    <ClCompile Include="Engine\ImGui\ImGuiLayer.cpp" />
    <ClCompile Include="Engine\Application.cpp" />
    <ClCompile Include="Engine\Layer.cpp" />
    <ClCompile Include="Engine\LayerStack.cpp" />
    <ClCompile Include="Engine\Logger\Log.cpp" />
    <ClCompile Include="Engine\DeltaTime.cpp" />
    <ClCompile Include="Rendering\OpenGL\GLRenderer.cpp" />
    <ClCompile Include="Rendering\Vulkan\VkRenderer.cpp" />
    <ClCompile Include="Platform\Windows\WindowsInput.cpp" />
    <ClCompile Include="Platform\Windows\WindowsWindow.cpp" />
    <ClCompile Include="Engine\ImGui\ImGuiBuild.cpp" />
  </ItemGroup>
</Project>