<?xml version="1.0" encoding="utf-8"?>
<Project ToolsVersion="4.0" xmlns="http://schemas.microsoft.com/developer/msbuild/2003">
  <ItemGroup>
    <ClInclude Include="pch.h" />
    <ClInclude Include="Engine\Application.h" />
    <ClInclude Include="Engine\Core.h" />
    <ClInclude Include="Engine\EntryPoint.h" />
    <ClInclude Include="Engine.h" />
    <ClInclude Include="Engine\Logger\Log.h" />
    <ClInclude Include="Engine\DeltaTime.h" />
    <ClInclude Include="Engine\Timer.h" />
    <ClInclude Include="Engine\Logger\Sinks\engine_sink.h" />
    <ClInclude Include="Platform\Window.h" />
    <ClInclude Include="Rendering\RenderContext.h" />
    <ClInclude Include="Platform\GLFW\GLFWInput.h" />
    <ClInclude Include="Platform\GLFW\GLFWWindow.h" />
    <ClInclude Include="Platform\FileLoader.h" />
    <ClInclude Include="Engine\Objects\Object.h" />
    <ClInclude Include="Engine\Objects\Buffers\Buffer.h" />
    <ClInclude Include="Engine\General\Common.h" />
    <ClInclude Include="Engine\General\Math.h" />
    <ClInclude Include="Engine\Input\Input.h" />
    <ClInclude Include="Engine\Input\KeyCodes.h" />
    <ClInclude Include="Engine\Input\MouseButtonCodes.h" />
    <ClInclude Include="Engine\Managers\IDManager.h" />
    <ClInclude Include="Rendering\RenderAPI.h" />
    <ClInclude Include="Engine\Objects\Layers\Layerable.h" />
    <ClInclude Include="Engine\Objects\Worlds\WorldManager.h" />
    <ClInclude Include="Engine\Files\FileDatabase.h" />
    <ClInclude Include="Engine\Files\FileManager.h" />
    <ClInclude Include="Engine\Files\FileManagerBase.h" />
    <ClInclude Include="Engine\Files\FileReference.h" />
    <ClInclude Include="Engine\Files\Rendering\ModelFile.h" />
    <ClInclude Include="Engine\Files\Rendering\RenderFile.h" />
    <ClInclude Include="Engine\Files\Rendering\ShaderFile.h" />
    <ClInclude Include="Engine\Files\Rendering\TextureFile.h" />
    <ClInclude Include="Engine\Objects\Worlds\World.h" />
    <ClInclude Include="Rendering\Passes\RenderPass.h" />
    <ClInclude Include="Rendering\Passes\DrawPass.h" />
    <ClInclude Include="Rendering\Objects\Texture.h" />
    <ClInclude Include="Rendering\CommandEngine.h" />
    <ClInclude Include="Rendering\ShaderProgram.h" />
    <ClInclude Include="Rendering\Vulkan\VkSwapchainContext.h" />
    <ClInclude Include="Rendering\Vulkan\Files\VkShaderFile.h" />
    <ClInclude Include="Rendering\Vulkan\Objects\VkShaderProgram.h" />
    <ClInclude Include="Rendering\Vulkan\Objects\VkTexture.h" />
    <ClInclude Include="Rendering\Vulkan\Passes\VkDrawPass.h" />
    <ClInclude Include="Rendering\Vulkan\VkCommandEngine.h" />
    <ClInclude Include="Rendering\Vulkan\VkRenderAPI.h" />
    <ClInclude Include="Rendering\OpenGL\GLRenderAPI.h" />
    <ClInclude Include="Rendering\OpenGL\Files\GLShaderFile.h" />
    <ClInclude Include="Rendering\OpenGL\Objects\GLShaderProgram.h" />
    <ClInclude Include="Rendering\OpenGL\Passes\GLDrawPass.h" />
    <ClInclude Include="Rendering\OpenGL\GLCommandEngine.h" />
    <ClInclude Include="Engine\Files\Config\ConfigFile.h" />
    <ClInclude Include="Rendering\Renderers\Renderer2D.h" />
    <ClInclude Include="Rendering\Vulkan\Renderers\VkRenderer2D.h" />
    <ClInclude Include="Engine\Objects\Stateable.h" />
    <ClInclude Include="Engine\Objects\Entities\EntityComponent.h" />
    <ClInclude Include="Rendering\Vulkan\Objects\Wrappers\VkWrapper.h" />
    <ClInclude Include="Rendering\Vulkan\Objects\VkHandle.h" />
    <ClInclude Include="Platform\Hardware\Camera\Camera.h" />
    <ClInclude Include="Platform\Android\Hardware\Camera\AndCamera.h" />
    <ClInclude Include="Platform\Windows\Hardware\Camera\WinCamera.h" />
    <ClInclude Include="Platform\Hardware\HardwareContext.h" />
    <ClInclude Include="Engine\Objects\Components\Transform\TransformComponent.h" />
    <ClInclude Include="Engine\Events\Event.h" />
    <ClInclude Include="Rendering\Vulkan\VkScreenCommandEngine.h" />
    <ClInclude Include="Engine\Objects\Components\UI\Layouts\Canvas\UICanvasPanel.h" />
    <ClInclude Include="Engine\Objects\Components\ClickableComponent.h" />
    <ClInclude Include="Rendering\Renderers\Renderer.h" />
    <ClInclude Include="Engine\Objects\Components\RenderComponent.h" />
    <ClInclude Include="Rendering\Renderers\Renderer3D.h" />
    <ClInclude Include="Engine\Objects\Components\Transform\Transform2DComponent.h" />
    <ClInclude Include="Engine\Objects\Components\Transform\Transform3DComponent.h" />
    <ClInclude Include="Rendering\Vulkan\Renderers\VkRenderer3D.h" />
    <ClInclude Include="Engine\Objects\Clickable.h" />
    <ClInclude Include="Engine\Physics\PhysicsEngine.h" />
    <ClInclude Include="Engine\Physics\2D\PhysicsEngine2D.h" />
    <ClInclude Include="Engine\Physics\3D\PhysicsEngine3D.h" />
    <ClInclude Include="Engine\Physics\2D\Box2DEngine.h" />
    <ClInclude Include="Engine\Physics\3D\PhysXEngine.h" />
    <ClInclude Include="Engine\Physics\PhysicsContext.h" />
    <ClInclude Include="Engine\Objects\Renderable.h" />
    <ClInclude Include="Engine\General\Collision.h" />
    <ClInclude Include="Engine\Objects\Components\Transform\Transform.h" />
    <ClInclude Include="Engine\Objects\Components\UI\Layouts\UILayout.h" />
    <ClInclude Include="Engine\Objects\Entities\UI\UIButton.h" />
    <ClInclude Include="Engine\General\Time.h" />
    <ClInclude Include="Engine\Objects\Entities\UI\Camera\UICameraPreview.h" />
    <ClInclude Include="Engine\Objects\Components\UI\Layouts\Canvas\UIScrollablePanel.h" />
    <ClInclude Include="Engine\Objects\Components\UI\Layouts\Canvas\UIGridPanel.h" />
    <ClInclude Include="Engine\Objects\Components\UI\UIElement.h" />
    <ClInclude Include="Engine\Objects\Components\UI\Renderables\Shapes\UILine.h" />
    <ClInclude Include="Engine\Objects\Components\UI\Renderables\Shapes\UIOval.h" />
    <ClInclude Include="Engine\Objects\Components\UI\Renderables\Shapes\UIRect.h" />
    <ClInclude Include="Engine\Objects\Components\UI\Renderables\Shapes\UIShape.h" />
    <ClInclude Include="Engine\Objects\Components\UI\Renderables\UIImage.h" />
    <ClInclude Include="Engine\Objects\Components\UI\Renderables\UIRenderable.h" />
    <ClInclude Include="Engine\Objects\Components\UI\Renderables\UIText.h" />
    <ClInclude Include="Platform\PermissionManager.h" />
    <ClInclude Include="Platform\Android\AndPermissionManager.h" />
    <ClInclude Include="Engine\Objects\Layers\Layer.h" />
  </ItemGroup>
  <ItemGroup>
    <ClCompile Include="pch.cpp" />
    <ClCompile Include="Engine\Application.cpp" />
    <ClCompile Include="Engine\Logger\Log.cpp" />
    <ClCompile Include="Engine\DeltaTime.cpp" />
    <ClCompile Include="Rendering\RenderContext.cpp" />
    <ClCompile Include="Platform\GLFW\GLFWInput.cpp" />
    <ClCompile Include="Platform\GLFW\GLFWWindow.cpp" />
    <ClCompile Include="Platform\FileLoader.cpp" />
    <ClCompile Include="Platform\Windows\WinFileLoader.cpp" />
    <ClCompile Include="Platform\Android\AndFileLoader.cpp" />
    <ClCompile Include="Engine\Objects\Object.cpp" />
    <ClCompile Include="Engine\Objects\Buffers\Buffer.cpp" />
    <ClCompile Include="Engine\Objects\Layers\Layer.cpp" />
    <ClCompile Include="Engine\General\Common.cpp" />
    <ClCompile Include="Engine\Managers\IDManager.cpp" />
    <ClCompile Include="Rendering\RenderAPI.cpp" />
    <ClCompile Include="Engine\Objects\Worlds\WorldManager.cpp" />
    <ClCompile Include="Engine\Objects\Layers\Layerable.cpp" />
    <ClCompile Include="Engine\Files\FileDatabase.cpp" />
    <ClCompile Include="Engine\Files\FileManager.cpp" />
    <ClCompile Include="Engine\Files\FileReference.cpp" />
    <ClCompile Include="Engine\Objects\Worlds\World.cpp" />
    <ClCompile Include="Rendering\Passes\RenderPass.cpp" />
    <ClCompile Include="Rendering\Passes\DrawPass.cpp" />
    <ClCompile Include="Rendering\Vulkan\Files\VkShaderFile.cpp" />
    <ClCompile Include="Rendering\Vulkan\Objects\VkShaderProgram.cpp" />
    <ClCompile Include="Rendering\Vulkan\Objects\VkTexture.cpp" />
    <ClCompile Include="Rendering\Vulkan\Passes\VkDrawPass.cpp" />
    <ClCompile Include="Rendering\Vulkan\VkCommandEngine.cpp" />
    <ClCompile Include="Rendering\Vulkan\VkRenderAPI.cpp" />
    <ClCompile Include="Rendering\Vulkan\VkSwapchainContext.cpp" />
    <ClCompile Include="Rendering\OpenGL\Files\GLShaderFile.cpp" />
    <ClCompile Include="Rendering\OpenGL\Objects\GLShaderProgram.cpp" />
    <ClCompile Include="Rendering\OpenGL\Passes\GLDrawPass.cpp" />
    <ClCompile Include="Rendering\OpenGL\GLCommandEngine.cpp" />
    <ClCompile Include="Rendering\OpenGL\GLRenderAPI.cpp" />
    <ClCompile Include="Rendering\Renderers\Renderer2D.cpp" />
    <ClCompile Include="Rendering\Vulkan\Renderers\VkRenderer2D.cpp" />
    <ClCompile Include="Engine\Objects\Stateable.cpp" />
    <ClCompile Include="Rendering\Vulkan\Objects\Wrappers\VkWrapper.cpp" />
    <ClCompile Include="Platform\Hardware\Camera\Camera.cpp" />
    <ClCompile Include="Platform\Android\Hardware\Camera\AndCamera.cpp" />
    <ClCompile Include="Platform\Hardware\HardwareContext.cpp" />
    <ClCompile Include="Engine\Objects\Components\Transform\TransformComponent.cpp" />
    <ClCompile Include="Engine\Objects\Entities\EntityComponent.cpp" />
    <ClCompile Include="Engine\Events\Event.cpp" />
    <ClCompile Include="Rendering\Vulkan\VkScreenCommandEngine.cpp" />
    <ClCompile Include="Engine\Objects\Components\ClickableComponent.cpp" />
    <ClCompile Include="Rendering\Renderers\Renderer.cpp" />
    <ClCompile Include="Engine\Objects\Components\RenderComponent.cpp" />
    <ClCompile Include="Rendering\Renderers\Renderer3D.cpp" />
    <ClCompile Include="Engine\Objects\Components\Transform\Transform2DComponent.cpp" />
    <ClCompile Include="Engine\Objects\Components\Transform\Transform3DComponent.cpp" />
    <ClCompile Include="Rendering\Vulkan\Renderers\VkRenderer3D.cpp" />
    <ClCompile Include="Engine\Objects\Clickable.cpp" />
    <ClCompile Include="Engine\Objects\Renderable.cpp" />
    <ClCompile Include="Engine\Objects\Components\UI\Layouts\UILayout.cpp" />
    <ClCompile Include="Engine\Objects\Components\UI\Layouts\Canvas\UICanvasPanel.cpp" />
    <ClCompile Include="Engine\Objects\Entities\UI\UIButton.cpp" />
    <ClCompile Include="Engine\Objects\Entities\UI\Camera\UICameraPreview.cpp" />
    <ClCompile Include="Platform\Window.cpp" />
    <ClCompile Include="Engine\Objects\Components\UI\Layouts\Canvas\UIScrollablePanel.cpp" />
    <ClCompile Include="Engine\Objects\Components\UI\Layouts\Canvas\UIGridPanel.cpp" />
    <ClCompile Include="Engine\Objects\Components\UI\UIElement.cpp" />
    <ClCompile Include="Engine\Objects\Components\UI\Renderables\Shapes\UILine.cpp" />
    <ClCompile Include="Engine\Objects\Components\UI\Renderables\Shapes\UIOval.cpp" />
    <ClCompile Include="Engine\Objects\Components\UI\Renderables\Shapes\UIRect.cpp" />
    <ClCompile Include="Engine\Objects\Components\UI\Renderables\Shapes\UIShape.cpp" />
    <ClCompile Include="Engine\Objects\Components\UI\Renderables\UIImage.cpp" />
    <ClCompile Include="Engine\Objects\Components\UI\Renderables\UIRenderable.cpp" />
    <ClCompile Include="Engine\Objects\Components\UI\Renderables\UIText.cpp" />
    <ClCompile Include="Platform\PermissionManager.cpp" />
    <ClCompile Include="Platform\Android\AndPermissionManager.cpp" />
  </ItemGroup>
</Project>